
Microsoft Visual Studio Solution File, Format Version 12.00
# Visual Studio Version 17
VisualStudioVersion = 17.0.32014.148
MinimumVisualStudioVersion = 10.0.40219.1
Project("{9A19103F-16F7-4668-BE54-9A1E7A4F7556}") = "MongoSample", "MongoSample.csproj", "{082912A9-F0BA-4E2C-98F9-024E4F66D1C1}"
EndProject
Project("{FAE04EC0-301F-11D3-BF4B-00C04F79EFBC}") = "MongoSample.Test", "..\MongoSample.Test\MongoSample.Test.csproj", "{5877A8D4-2370-4EE0-8C90-69325732FA0D}"
EndProject
Project("{FAE04EC0-301F-11D3-BF4B-00C04F79EFBC}") = "MongoSample.Domain", "..\MongoSample.Domain\MongoSample.Domain.csproj", "{75C7591B-5E08-4A03-B72B-6C996ABE0626}"
EndProject
Project("{FAE04EC0-301F-11D3-BF4B-00C04F79EFBC}") = "MongoSample.Infrastructure", "..\MongoSample.Infrastructure\MongoSample.Infrastructure.csproj", "{366E7A89-FFD2-43B5-8465-27A6EAA685BC}"
EndProject
Global
	GlobalSection(SolutionConfigurationPlatforms) = preSolution
		Debug|Any CPU = Debug|Any CPU
		Release|Any CPU = Release|Any CPU
	EndGlobalSection
	GlobalSection(ProjectConfigurationPlatforms) = postSolution
		{082912A9-F0BA-4E2C-98F9-024E4F66D1C1}.Debug|Any CPU.ActiveCfg = Debug|Any CPU
		{082912A9-F0BA-4E2C-98F9-024E4F66D1C1}.Debug|Any CPU.Build.0 = Debug|Any CPU
		{082912A9-F0BA-4E2C-98F9-024E4F66D1C1}.Release|Any CPU.ActiveCfg = Release|Any CPU
		{082912A9-F0BA-4E2C-98F9-024E4F66D1C1}.Release|Any CPU.Build.0 = Release|Any CPU
		{5877A8D4-2370-4EE0-8C90-69325732FA0D}.Debug|Any CPU.ActiveCfg = Debug|Any CPU
		{5877A8D4-2370-4EE0-8C90-69325732FA0D}.Debug|Any CPU.Build.0 = Debug|Any CPU
		{5877A8D4-2370-4EE0-8C90-69325732FA0D}.Release|Any CPU.ActiveCfg = Release|Any CPU
		{5877A8D4-2370-4EE0-8C90-69325732FA0D}.Release|Any CPU.Build.0 = Release|Any CPU
		{75C7591B-5E08-4A03-B72B-6C996ABE0626}.Debug|Any CPU.ActiveCfg = Debug|Any CPU
		{75C7591B-5E08-4A03-B72B-6C996ABE0626}.Debug|Any CPU.Build.0 = Debug|Any CPU
		{75C7591B-5E08-4A03-B72B-6C996ABE0626}.Release|Any CPU.ActiveCfg = Release|Any CPU
		{75C7591B-5E08-4A03-B72B-6C996ABE0626}.Release|Any CPU.Build.0 = Release|Any CPU
		{366E7A89-FFD2-43B5-8465-27A6EAA685BC}.Debug|Any CPU.ActiveCfg = Debug|Any CPU
		{366E7A89-FFD2-43B5-8465-27A6EAA685BC}.Debug|Any CPU.Build.0 = Debug|Any CPU
		{366E7A89-FFD2-43B5-8465-27A6EAA685BC}.Release|Any CPU.ActiveCfg = Release|Any CPU
		{366E7A89-FFD2-43B5-8465-27A6EAA685BC}.Release|Any CPU.Build.0 = Release|Any CPU
	EndGlobalSection
	GlobalSection(SolutionProperties) = preSolution
		HideSolutionNode = FALSE
	EndGlobalSection
	GlobalSection(ExtensibilityGlobals) = postSolution
		SolutionGuid = {338F8ACE-1172-4265-A6C0-994849181751}
	EndGlobalSection
EndGlobal
