
Microsoft Visual Studio Solution File, Format Version 12.00
# Visual Studio Version 17
VisualStudioVersion = 17.0.32014.148
MinimumVisualStudioVersion = 10.0.40219.1
Project("{9A19103F-16F7-4668-BE54-9A1E7A4F7556}") = "MongoSample.UI", "MongoSample.UI\MongoSample.UI.csproj", "{2944ECC7-E036-410F-B07B-1AAFC16C364E}"
EndProject
Project("{9A19103F-16F7-4668-BE54-9A1E7A4F7556}") = "MongoSample.Test", "MongoSample.Test\MongoSample.Test.csproj", "{A1731B8B-3E16-43E8-9BF8-2051745E2E2F}"
EndProject
Project("{9A19103F-16F7-4668-BE54-9A1E7A4F7556}") = "MongoSample.Infrastructure", "MongoSample.Infrastructure\MongoSample.Infrastructure.csproj", "{1F37A8C0-EE32-4A52-AAEA-16B2629920DE}"
EndProject
Project("{9A19103F-16F7-4668-BE54-9A1E7A4F7556}") = "MongoSample.Domain", "MongoSample.Domain\MongoSample.Domain.csproj", "{CDBA78E4-8A2F-4D3E-B7B8-EABC575DABEA}"
EndProject
Global
	GlobalSection(SolutionConfigurationPlatforms) = preSolution
		Debug|Any CPU = Debug|Any CPU
		Release|Any CPU = Release|Any CPU
	EndGlobalSection
	GlobalSection(ProjectConfigurationPlatforms) = postSolution
		{2944ECC7-E036-410F-B07B-1AAFC16C364E}.Debug|Any CPU.ActiveCfg = Debug|Any CPU
		{2944ECC7-E036-410F-B07B-1AAFC16C364E}.Debug|Any CPU.Build.0 = Debug|Any CPU
		{2944ECC7-E036-410F-B07B-1AAFC16C364E}.Release|Any CPU.ActiveCfg = Release|Any CPU
		{2944ECC7-E036-410F-B07B-1AAFC16C364E}.Release|Any CPU.Build.0 = Release|Any CPU
		{A1731B8B-3E16-43E8-9BF8-2051745E2E2F}.Debug|Any CPU.ActiveCfg = Debug|Any CPU
		{A1731B8B-3E16-43E8-9BF8-2051745E2E2F}.Debug|Any CPU.Build.0 = Debug|Any CPU
		{A1731B8B-3E16-43E8-9BF8-2051745E2E2F}.Release|Any CPU.ActiveCfg = Release|Any CPU
		{A1731B8B-3E16-43E8-9BF8-2051745E2E2F}.Release|Any CPU.Build.0 = Release|Any CPU
		{1F37A8C0-EE32-4A52-AAEA-16B2629920DE}.Debug|Any CPU.ActiveCfg = Debug|Any CPU
		{1F37A8C0-EE32-4A52-AAEA-16B2629920DE}.Debug|Any CPU.Build.0 = Debug|Any CPU
		{1F37A8C0-EE32-4A52-AAEA-16B2629920DE}.Release|Any CPU.ActiveCfg = Release|Any CPU
		{1F37A8C0-EE32-4A52-AAEA-16B2629920DE}.Release|Any CPU.Build.0 = Release|Any CPU
		{CDBA78E4-8A2F-4D3E-B7B8-EABC575DABEA}.Debug|Any CPU.ActiveCfg = Debug|Any CPU
		{CDBA78E4-8A2F-4D3E-B7B8-EABC575DABEA}.Debug|Any CPU.Build.0 = Debug|Any CPU
		{CDBA78E4-8A2F-4D3E-B7B8-EABC575DABEA}.Release|Any CPU.ActiveCfg = Release|Any CPU
		{CDBA78E4-8A2F-4D3E-B7B8-EABC575DABEA}.Release|Any CPU.Build.0 = Release|Any CPU
	EndGlobalSection
	GlobalSection(SolutionProperties) = preSolution
		HideSolutionNode = FALSE
	EndGlobalSection
	GlobalSection(ExtensibilityGlobals) = postSolution
		SolutionGuid = {338F8ACE-1172-4265-A6C0-994849181751}
	EndGlobalSection
EndGlobal
